<?xml version="1.0" encoding="utf-8"?>
<Project ToolsVersion="4.0" xmlns="http://schemas.microsoft.com/developer/msbuild/2003">
  <ItemGroup>
    <Filter Include="Source Files">
      <UniqueIdentifier>{4FC737F1-C7A5-4376-A066-2A32D752A2FF}</UniqueIdentifier>
      <Extensions>cpp;c;cc;cxx;c++;cppm;ixx;def;odl;idl;hpj;bat;asm;asmx</Extensions>
    </Filter>
    <Filter Include="Header Files">
      <UniqueIdentifier>{93995380-89BD-4b04-88EB-625FBE52EBFB}</UniqueIdentifier>
      <Extensions>h;hh;hpp;hxx;h++;hm;inl;inc;ipp;xsd</Extensions>
    </Filter>
    <Filter Include="Resource Files">
      <UniqueIdentifier>{67DA6AB6-F800-4c08-8B7A-83BB121AAD01}</UniqueIdentifier>
      <Extensions>rc;ico;cur;bmp;dlg;rc2;rct;bin;rgs;gif;jpg;jpeg;jpe;resx;tiff;tif;png;wav;mfcribbon-ms</Extensions>
    </Filter>
    <Filter Include="Source Files\SpriteGame">
      <UniqueIdentifier>{a710762e-e4bb-4e73-a3c6-c034217705b8}</UniqueIdentifier>
    </Filter>
    <Filter Include="Source Files\SpaceGame">
      <UniqueIdentifier>{c697b285-39c4-4563-85e4-177cd64b7cf5}</UniqueIdentifier>
    </Filter>
  </ItemGroup>
  <ItemGroup>
    <ClCompile Include="Game.cpp">
      <Filter>Source Files</Filter>
    </ClCompile>
    <ClCompile Include="SpriteGame\SpriteGame.cpp">
      <Filter>Source Files\SpriteGame</Filter>
    </ClCompile>
    <ClCompile Include="SpaceGame\SpaceGame.cpp">
      <Filter>Source Files\SpaceGame</Filter>
    </ClCompile>
  </ItemGroup>
  <ItemGroup>
    <ClInclude Include="SpriteGame\SpriteGame.h">
      <Filter>Source Files\SpriteGame</Filter>
    </ClInclude>
    <ClInclude Include="SpaceGame\SpaceGame.h">
      <Filter>Source Files\SpaceGame</Filter>
    </ClInclude>
  </ItemGroup>
</Project>