
Microsoft Visual Studio Solution File, Format Version 12.00
# Visual Studio Version 17
VisualStudioVersion = 17.14.37411.7 d17.14
MinimumVisualStudioVersion = 10.0.40219.1
Project("{8BC9CEB8-8B4A-11D0-8D11-00A0C91BC942}") = "Game", "Game\Game.vcxproj", "{4B014F27-9C8B-4924-BF9C-7BCC21FD4606}"
EndProject
Project("{8BC9CEB8-8B4A-11D0-8D11-00A0C91BC942}") = "Engine", "Engine\Engine.vcxproj", "{959C1EF3-DD27-42FA-822B-51E54FEF1945}"
EndProject
Global
	GlobalSection(SolutionConfigurationPlatforms) = preSolution
		Debug|x64 = Debug|x64
		Debug|x86 = Debug|x86
		Release|x64 = Release|x64
		Release|x86 = Release|x86
	EndGlobalSection
	GlobalSection(ProjectConfigurationPlatforms) = postSolution
		{4B014F27-9C8B-4924-BF9C-7BCC21FD4606}.Debug|x64.ActiveCfg = Debug|x64
		{4B014F27-9C8B-4924-BF9C-7BCC21FD4606}.Debug|x64.Build.0 = Debug|x64
		{4B014F27-9C8B-4924-BF9C-7BCC21FD4606}.Debug|x86.ActiveCfg = Debug|Win32
		{4B014F27-9C8B-4924-BF9C-7BCC21FD4606}.Debug|x86.Build.0 = Debug|Win32
		{4B014F27-9C8B-4924-BF9C-7BCC21FD4606}.Release|x64.ActiveCfg = Release|x64
		{4B014F27-9C8B-4924-BF9C-7BCC21FD4606}.Release|x64.Build.0 = Release|x64
		{4B014F27-9C8B-4924-BF9C-7BCC21FD4606}.Release|x86.ActiveCfg = Release|Win32
		{4B014F27-9C8B-4924-BF9C-7BCC21FD4606}.Release|x86.Build.0 = Release|Win32
		{959C1EF3-DD27-42FA-822B-51E54FEF1945}.Debug|x64.ActiveCfg = Debug|x64
		{959C1EF3-DD27-42FA-822B-51E54FEF1945}.Debug|x64.Build.0 = Debug|x64
		{959C1EF3-DD27-42FA-822B-51E54FEF1945}.Debug|x86.ActiveCfg = Debug|Win32
		{959C1EF3-DD27-42FA-822B-51E54FEF1945}.Debug|x86.Build.0 = Debug|Win32
		{959C1EF3-DD27-42FA-822B-51E54FEF1945}.Release|x64.ActiveCfg = Release|x64
		{959C1EF3-DD27-42FA-822B-51E54FEF1945}.Release|x64.Build.0 = Release|x64
		{959C1EF3-DD27-42FA-822B-51E54FEF1945}.Release|x86.ActiveCfg = Release|Win32
		{959C1EF3-DD27-42FA-822B-51E54FEF1945}.Release|x86.Build.0 = Release|Win32
	EndGlobalSection
	GlobalSection(SolutionProperties) = preSolution
		HideSolutionNode = FALSE
	EndGlobalSection
	GlobalSection(ExtensibilityGlobals) = postSolution
		SolutionGuid = {4562D36C-B194-408C-A452-EA50EC77A258}
	EndGlobalSection
EndGlobal
